
Microsoft Visual Studio Solution File, Format Version 12.00
# Visual Studio Version 17
VisualStudioVersion = 17.14.36717.8 d17.14
MinimumVisualStudioVersion = 10.0.40219.1
Project("{FAE04EC0-301F-11D3-BF4B-00C04F79EFBC}") = "Student Management System", "Student Management System\Student Management System.csproj", "{9E2FDC41-E842-4A4D-A22D-7FEA3A9E8066}"
EndProject
Global
	GlobalSection(SolutionConfigurationPlatforms) = preSolution
		Debug|Any CPU = Debug|Any CPU
		Release|Any CPU = Release|Any CPU
	EndGlobalSection
	GlobalSection(ProjectConfigurationPlatforms) = postSolution
		{9E2FDC41-E842-4A4D-A22D-7FEA3A9E8066}.Debug|Any CPU.ActiveCfg = Debug|Any CPU
		{9E2FDC41-E842-4A4D-A22D-7FEA3A9E8066}.Debug|Any CPU.Build.0 = Debug|Any CPU
		{9E2FDC41-E842-4A4D-A22D-7FEA3A9E8066}.Release|Any CPU.ActiveCfg = Release|Any CPU
		{9E2FDC41-E842-4A4D-A22D-7FEA3A9E8066}.Release|Any CPU.Build.0 = Release|Any CPU
	EndGlobalSection
	GlobalSection(SolutionProperties) = preSolution
		HideSolutionNode = FALSE
	EndGlobalSection
	GlobalSection(ExtensibilityGlobals) = postSolution
		SolutionGuid = {53A53E45-BC3C-43BA-980A-06A260C5A0FA}
	EndGlobalSection
EndGlobal
